
Microsoft Visual Studio Solution File, Format Version 12.00
# Visual Studio 15
VisualStudioVersion = 15.0.27703.2026
MinimumVisualStudioVersion = 10.0.40219.1
Project("{FAE04EC0-301F-11D3-BF4B-00C04F79EFBC}") = "practice", "practice\practice.csproj", "{B0F1D0D4-52EB-4D8C-B359-B7F90CC0550B}"
EndProject
Global
	GlobalSection(SolutionConfigurationPlatforms) = preSolution
		Debug|Any CPU = Debug|Any CPU
		Release|Any CPU = Release|Any CPU
	EndGlobalSection
	GlobalSection(ProjectConfigurationPlatforms) = postSolution
		{B0F1D0D4-52EB-4D8C-B359-B7F90CC0550B}.Debug|Any CPU.ActiveCfg = Debug|Any CPU
		{B0F1D0D4-52EB-4D8C-B359-B7F90CC0550B}.Debug|Any CPU.Build.0 = Debug|Any CPU
		{B0F1D0D4-52EB-4D8C-B359-B7F90CC0550B}.Release|Any CPU.ActiveCfg = Release|Any CPU
		{B0F1D0D4-52EB-4D8C-B359-B7F90CC0550B}.Release|Any CPU.Build.0 = Release|Any CPU
	EndGlobalSection
	GlobalSection(SolutionProperties) = preSolution
		HideSolutionNode = FALSE
	EndGlobalSection
	GlobalSection(ExtensibilityGlobals) = postSolution
		SolutionGuid = {7600BEF2-E10A-4716-8A5B-6D0ABF5E0394}
	EndGlobalSection
EndGlobal
